github.com/Strum355/go-difflib v1.1.0 h1:+rR2X3UuvIbe1Jmhx8WA7gkgjMNRscFWbHchk2RB8I4=
github.com/Strum355/go-difflib v1.1.0/go.mod h1:r1cVg1JkGsTWkaR7At56v7hfuMgiUL8meTLwxFzOmvE=
github.com/davecgh/go-spew v1.1.0 h1:ZDRjVQ15GmhC3fiQ8ni8+OwkZQO4DARzQgrnXU1Liz8=
github.com/davecgh/go-spew v1.1.0/go.mod h1:J7Y8YcW2NihsgmVo/mv3lAwl/skON4iLHjSsI+c5H38=
github.com/pkg/errors v0.8.0 h1:WdK/asTD0HN+q6hsWO3/vpuAkAr+tw6aNJNDFFf0+qw=
github.com/pkg/errors v0.8.0/go.mod h1:bwawxfHBFNV+L2hUp1rHADufV3IMtnDRdf1r5NINEl0=
github.com/pmezard/go-difflib v1.0.0 h1:4DBwDE0NGyQoBHbLQYPwSUPoCMWR5BEzIk/f1lZbAQM=
github.com/pmezard/go-difflib v1.0.0/go.mod h1:iKH77koFhYxTK1pcRnkKkqfTogsbg7gZNVY4sRDYZ/4=
github.com/teamwork/test v0.0.0-20180307192913-dc1dac931dfa h1:5MEaRZ/5v2uzK6OrWv5CC0w5P26l22yPoWPvGqoQqik=
github.com/teamwork/test v0.0.0-20180307192913-dc1dac931dfa/go.mod h1:TIbx7tx6WHBjQeLRM4eWQZBL7kmBZ7/KI4x4v7Y5YmA=
github.com/teamwork/test v0.0.0-20190410143529-8897d82f8d46 h1:IWmLWZ3AylHoq1M8ca7H5Ns7oNsuzaCAqoFvKaDP2jA=
github.com/teamwork/test v0.0.0-20190410143529-8897d82f8d46/go.mod h1:TIbx7tx6WHBjQeLRM4eWQZBL7kmBZ7/KI4x4v7Y5YmA=
